
Microsoft Visual Studio Solution File, Format Version 12.00
# Visual Studio Version 17
VisualStudioVersion = 17.14.36127.28 d17.14
MinimumVisualStudioVersion = 10.0.40219.1
Project("{FAE04EC0-301F-11D3-BF4B-00C04F79EFBC}") = "CafeSale", "CafeSale\CafeSale.csproj", "{B2100166-B710-4784-8522-518C5E635A61}"
EndProject
Global
	GlobalSection(SolutionConfigurationPlatforms) = preSolution
		Debug|Any CPU = Debug|Any CPU
		Release|Any CPU = Release|Any CPU
	EndGlobalSection
	GlobalSection(ProjectConfigurationPlatforms) = postSolution
		{B2100166-B710-4784-8522-518C5E635A61}.Debug|Any CPU.ActiveCfg = Debug|Any CPU
		{B2100166-B710-4784-8522-518C5E635A61}.Debug|Any CPU.Build.0 = Debug|Any CPU
		{B2100166-B710-4784-8522-518C5E635A61}.Release|Any CPU.ActiveCfg = Release|Any CPU
		{B2100166-B710-4784-8522-518C5E635A61}.Release|Any CPU.Build.0 = Release|Any CPU
	EndGlobalSection
	GlobalSection(SolutionProperties) = preSolution
		HideSolutionNode = FALSE
	EndGlobalSection
	GlobalSection(ExtensibilityGlobals) = postSolution
		SolutionGuid = {86E7C321-275D-43ED-9E4E-86492ABCA03E}
	EndGlobalSection
EndGlobal
